
Microsoft Visual Studio Solution File, Format Version 12.00
# Visual Studio 15
VisualStudioVersion = 15.0.28307.136
MinimumVisualStudioVersion = 10.0.40219.1
Project("{FAE04EC0-301F-11D3-BF4B-00C04F79EFBC}") = "DecentOutputConsole", "DecentOutputConsole\DecentOutputConsole.csproj", "{3706395B-D275-41FF-BE00-48024C2D4DCA}"
EndProject
Project("{FAE04EC0-301F-11D3-BF4B-00C04F79EFBC}") = "DecentOutputConsole.TestApp", "DecentOutputConsole.TestApp\DecentOutputConsole.TestApp.csproj", "{AEDA4D81-847B-4CF4-ABF2-B95D01EA26B1}"
EndProject
Global
	GlobalSection(SolutionConfigurationPlatforms) = preSolution
		Debug|Any CPU = Debug|Any CPU
		Release|Any CPU = Release|Any CPU
	EndGlobalSection
	GlobalSection(ProjectConfigurationPlatforms) = postSolution
		{3706395B-D275-41FF-BE00-48024C2D4DCA}.Debug|Any CPU.ActiveCfg = Debug|Any CPU
		{3706395B-D275-41FF-BE00-48024C2D4DCA}.Debug|Any CPU.Build.0 = Debug|Any CPU
		{3706395B-D275-41FF-BE00-48024C2D4DCA}.Release|Any CPU.ActiveCfg = Release|Any CPU
		{3706395B-D275-41FF-BE00-48024C2D4DCA}.Release|Any CPU.Build.0 = Release|Any CPU
		{AEDA4D81-847B-4CF4-ABF2-B95D01EA26B1}.Debug|Any CPU.ActiveCfg = Debug|Any CPU
		{AEDA4D81-847B-4CF4-ABF2-B95D01EA26B1}.Debug|Any CPU.Build.0 = Debug|Any CPU
		{AEDA4D81-847B-4CF4-ABF2-B95D01EA26B1}.Release|Any CPU.ActiveCfg = Release|Any CPU
		{AEDA4D81-847B-4CF4-ABF2-B95D01EA26B1}.Release|Any CPU.Build.0 = Release|Any CPU
	EndGlobalSection
	GlobalSection(SolutionProperties) = preSolution
		HideSolutionNode = FALSE
	EndGlobalSection
	GlobalSection(ExtensibilityGlobals) = postSolution
		SolutionGuid = {34D9BCD8-FD5B-42DB-AE97-D409033E1E01}
	EndGlobalSection
EndGlobal
